
Microsoft Visual Studio Solution File, Format Version 12.00
# Visual Studio Version 16
VisualStudioVersion = 16.0.31515.178
MinimumVisualStudioVersion = 10.0.40219.1
Project("{FAE04EC0-301F-11D3-BF4B-00C04F79EFBC}") = "projeto-teste2", "projeto-teste2\projeto-teste2.csproj", "{937A61EE-17F3-4061-9B0F-87ADDC7D290F}"
EndProject
Global
	GlobalSection(SolutionConfigurationPlatforms) = preSolution
		Debug|Any CPU = Debug|Any CPU
		Release|Any CPU = Release|Any CPU
	EndGlobalSection
	GlobalSection(ProjectConfigurationPlatforms) = postSolution
		{937A61EE-17F3-4061-9B0F-87ADDC7D290F}.Debug|Any CPU.ActiveCfg = Debug|Any CPU
		{937A61EE-17F3-4061-9B0F-87ADDC7D290F}.Debug|Any CPU.Build.0 = Debug|Any CPU
		{937A61EE-17F3-4061-9B0F-87ADDC7D290F}.Release|Any CPU.ActiveCfg = Release|Any CPU
		{937A61EE-17F3-4061-9B0F-87ADDC7D290F}.Release|Any CPU.Build.0 = Release|Any CPU
	EndGlobalSection
	GlobalSection(SolutionProperties) = preSolution
		HideSolutionNode = FALSE
	EndGlobalSection
	GlobalSection(ExtensibilityGlobals) = postSolution
		SolutionGuid = {FEFB481B-7595-4884-9184-DA3EC3C6716D}
	EndGlobalSection
EndGlobal
